<?xml version="1.0" encoding="utf-8"?>
<Project ToolsVersion="4.0" xmlns="http://schemas.microsoft.com/developer/msbuild/2003">
  <ItemGroup>
    <Filter Include="Fichiers sources">
      <UniqueIdentifier>{4FC737F1-C7A5-4376-A066-2A32D752A2FF}</UniqueIdentifier>
      <Extensions>cpp;c;cc;cxx;def;odl;idl;hpj;bat;asm;asmx</Extensions>
    </Filter>
    <Filter Include="Fichiers d%27en-tête">
      <UniqueIdentifier>{93995380-89BD-4b04-88EB-625FBE52EBFB}</UniqueIdentifier>
      <Extensions>h;hpp;hxx;hm;inl;inc;xsd</Extensions>
    </Filter>
    <Filter Include="Fichiers de ressources">
      <UniqueIdentifier>{67DA6AB6-F800-4c08-8B7A-83BB121AAD01}</UniqueIdentifier>
      <Extensions>rc;ico;cur;bmp;dlg;rc2;rct;bin;rgs;gif;jpg;jpeg;jpe;resx;tiff;tif;png;wav;mfcribbon-ms</Extensions>
    </Filter>
    <Filter Include="Fichiers de ressources\sprites">
      <UniqueIdentifier>{a9a2282c-8634-4adb-a301-eb18eb4d00bf}</UniqueIdentifier>
    </Filter>
    <Filter Include="Fichiers de ressources\sounds">
      <UniqueIdentifier>{239daf4b-5274-4ad9-8227-fa5a4b467b75}</UniqueIdentifier>
    </Filter>
    <Filter Include="Fichiers de ressources\fonts">
      <UniqueIdentifier>{de244372-1237-479a-aeaf-2da01a978521}</UniqueIdentifier>
    </Filter>
  </ItemGroup>
  <ItemGroup>
    <ClCompile Include="Main.cpp">
      <Filter>Fichiers sources</Filter>
    </ClCompile>
    <ClCompile Include="Game.cpp">
      <Filter>Fichiers sources</Filter>
    </ClCompile>
    <ClCompile Include="Galaga.cpp">
      <Filter>Fichiers sources</Filter>
    </ClCompile>
    <ClCompile Include="Butterfly.cpp">
      <Filter>Fichiers sources</Filter>
    </ClCompile>
    <ClCompile Include="Wasp.cpp">
      <Filter>Fichiers sources</Filter>
    </ClCompile>
    <ClCompile Include="Catcher.cpp">
      <Filter>Fichiers sources</Filter>
    </ClCompile>
    <ClCompile Include="Spawner.cpp">
      <Filter>Fichiers sources</Filter>
    </ClCompile>
    <ClCompile Include="FabriqueGalaga.cpp">
      <Filter>Fichiers sources</Filter>
    </ClCompile>
    <ClCompile Include="Player.cpp">
      <Filter>Fichiers sources</Filter>
    </ClCompile>
  </ItemGroup>
  <ItemGroup>
    <ClInclude Include="Game.h">
      <Filter>Fichiers d%27en-tête</Filter>
    </ClInclude>
    <ClInclude Include="Galaga.h">
      <Filter>Fichiers d%27en-tête</Filter>
    </ClInclude>
    <ClInclude Include="Butterfly.h">
      <Filter>Fichiers d%27en-tête</Filter>
    </ClInclude>
    <ClInclude Include="Wasp.h">
      <Filter>Fichiers d%27en-tête</Filter>
    </ClInclude>
    <ClInclude Include="Catcher.h">
      <Filter>Fichiers d%27en-tête</Filter>
    </ClInclude>
    <ClInclude Include="Spawner.h">
      <Filter>Fichiers d%27en-tête</Filter>
    </ClInclude>
    <ClInclude Include="FabriqueGalaga.h">
      <Filter>Fichiers d%27en-tête</Filter>
    </ClInclude>
    <ClInclude Include="Player.h">
      <Filter>Fichiers d%27en-tête</Filter>
    </ClInclude>
  </ItemGroup>
  <ItemGroup>
    <Image Include="sprites\bullet.png">
      <Filter>Fichiers de ressources\sprites</Filter>
    </Image>
    <Image Include="sprites\enemies.png">
      <Filter>Fichiers de ressources\sprites</Filter>
    </Image>
    <Image Include="sprites\explosion.png">
      <Filter>Fichiers de ressources\sprites</Filter>
    </Image>
    <Image Include="sprites\galaga.png">
      <Filter>Fichiers de ressources\sprites</Filter>
    </Image>
    <Image Include="sprites\galaga_bullet.png">
      <Filter>Fichiers de ressources\sprites</Filter>
    </Image>
    <Image Include="sprites\powerups.png">
      <Filter>Fichiers de ressources\sprites</Filter>
    </Image>
    <Image Include="sprites\Stars.jpg">
      <Filter>Fichiers de ressources\sprites</Filter>
    </Image>
  </ItemGroup>
  <ItemGroup>
    <Font Include="fonts\arcade.ttf">
      <Filter>Fichiers de ressources\fonts</Filter>
    </Font>
  </ItemGroup>
  <ItemGroup>
    <Media Include="sounds\beginning.wav">
      <Filter>Fichiers de ressources\sounds</Filter>
    </Media>
    <Media Include="sounds\enemy1death.wav">
      <Filter>Fichiers de ressources\sounds</Filter>
    </Media>
    <Media Include="sounds\enemy2death.wav">
      <Filter>Fichiers de ressources\sounds</Filter>
    </Media>
    <Media Include="sounds\explosion.wav">
      <Filter>Fichiers de ressources\sounds</Filter>
    </Media>
    <Media Include="sounds\fighter.wav">
      <Filter>Fichiers de ressources\sounds</Filter>
    </Media>
  </ItemGroup>
</Project>