
Microsoft Visual Studio Solution File, Format Version 12.00
# Visual Studio 15
VisualStudioVersion = 15.0.26430.6
MinimumVisualStudioVersion = 10.0.40219.1
Project("{FAE04EC0-301F-11D3-BF4B-00C04F79EFBC}") = "FonctionsDiverses", "FonctionsDiverses\FonctionsDiverses.csproj", "{FBC4DAC3-CAE0-4E96-A6C7-BADB723D4186}"
EndProject
Project("{FAE04EC0-301F-11D3-BF4B-00C04F79EFBC}") = "TableauxStaticConstantes", "TableauxStaticConstantes\TableauxStaticConstantes.csproj", "{4227F402-3A7E-40B0-A18B-8DDEC786AC12}"
EndProject
Project("{8BC9CEB8-8B4A-11D0-8D11-00A0C91BC942}") = "Solution Traduite", "Solution Traduite\Solution Traduite.vcxproj", "{8DC23E79-A33F-47E3-8F24-BBE18EE4FAAE}"
EndProject
Global
	GlobalSection(SolutionConfigurationPlatforms) = preSolution
		Debug|Any CPU = Debug|Any CPU
		Debug|x64 = Debug|x64
		Debug|x86 = Debug|x86
		Release|Any CPU = Release|Any CPU
		Release|x64 = Release|x64
		Release|x86 = Release|x86
	EndGlobalSection
	GlobalSection(ProjectConfigurationPlatforms) = postSolution
		{FBC4DAC3-CAE0-4E96-A6C7-BADB723D4186}.Debug|Any CPU.ActiveCfg = Debug|Any CPU
		{FBC4DAC3-CAE0-4E96-A6C7-BADB723D4186}.Debug|Any CPU.Build.0 = Debug|Any CPU
		{FBC4DAC3-CAE0-4E96-A6C7-BADB723D4186}.Debug|x64.ActiveCfg = Debug|Any CPU
		{FBC4DAC3-CAE0-4E96-A6C7-BADB723D4186}.Debug|x64.Build.0 = Debug|Any CPU
		{FBC4DAC3-CAE0-4E96-A6C7-BADB723D4186}.Debug|x86.ActiveCfg = Debug|Any CPU
		{FBC4DAC3-CAE0-4E96-A6C7-BADB723D4186}.Debug|x86.Build.0 = Debug|Any CPU
		{FBC4DAC3-CAE0-4E96-A6C7-BADB723D4186}.Release|Any CPU.ActiveCfg = Release|Any CPU
		{FBC4DAC3-CAE0-4E96-A6C7-BADB723D4186}.Release|Any CPU.Build.0 = Release|Any CPU
		{FBC4DAC3-CAE0-4E96-A6C7-BADB723D4186}.Release|x64.ActiveCfg = Release|Any CPU
		{FBC4DAC3-CAE0-4E96-A6C7-BADB723D4186}.Release|x64.Build.0 = Release|Any CPU
		{FBC4DAC3-CAE0-4E96-A6C7-BADB723D4186}.Release|x86.ActiveCfg = Release|Any CPU
		{FBC4DAC3-CAE0-4E96-A6C7-BADB723D4186}.Release|x86.Build.0 = Release|Any CPU
		{4227F402-3A7E-40B0-A18B-8DDEC786AC12}.Debug|Any CPU.ActiveCfg = Debug|Any CPU
		{4227F402-3A7E-40B0-A18B-8DDEC786AC12}.Debug|Any CPU.Build.0 = Debug|Any CPU
		{4227F402-3A7E-40B0-A18B-8DDEC786AC12}.Debug|x64.ActiveCfg = Debug|Any CPU
		{4227F402-3A7E-40B0-A18B-8DDEC786AC12}.Debug|x64.Build.0 = Debug|Any CPU
		{4227F402-3A7E-40B0-A18B-8DDEC786AC12}.Debug|x86.ActiveCfg = Debug|Any CPU
		{4227F402-3A7E-40B0-A18B-8DDEC786AC12}.Debug|x86.Build.0 = Debug|Any CPU
		{4227F402-3A7E-40B0-A18B-8DDEC786AC12}.Release|Any CPU.ActiveCfg = Release|Any CPU
		{4227F402-3A7E-40B0-A18B-8DDEC786AC12}.Release|Any CPU.Build.0 = Release|Any CPU
		{4227F402-3A7E-40B0-A18B-8DDEC786AC12}.Release|x64.ActiveCfg = Release|Any CPU
		{4227F402-3A7E-40B0-A18B-8DDEC786AC12}.Release|x64.Build.0 = Release|Any CPU
		{4227F402-3A7E-40B0-A18B-8DDEC786AC12}.Release|x86.ActiveCfg = Release|Any CPU
		{4227F402-3A7E-40B0-A18B-8DDEC786AC12}.Release|x86.Build.0 = Release|Any CPU
		{8DC23E79-A33F-47E3-8F24-BBE18EE4FAAE}.Debug|Any CPU.ActiveCfg = Debug|Win32
		{8DC23E79-A33F-47E3-8F24-BBE18EE4FAAE}.Debug|x64.ActiveCfg = Debug|x64
		{8DC23E79-A33F-47E3-8F24-BBE18EE4FAAE}.Debug|x64.Build.0 = Debug|x64
		{8DC23E79-A33F-47E3-8F24-BBE18EE4FAAE}.Debug|x86.ActiveCfg = Debug|Win32
		{8DC23E79-A33F-47E3-8F24-BBE18EE4FAAE}.Debug|x86.Build.0 = Debug|Win32
		{8DC23E79-A33F-47E3-8F24-BBE18EE4FAAE}.Release|Any CPU.ActiveCfg = Release|Win32
		{8DC23E79-A33F-47E3-8F24-BBE18EE4FAAE}.Release|x64.ActiveCfg = Release|x64
		{8DC23E79-A33F-47E3-8F24-BBE18EE4FAAE}.Release|x64.Build.0 = Release|x64
		{8DC23E79-A33F-47E3-8F24-BBE18EE4FAAE}.Release|x86.ActiveCfg = Release|Win32
		{8DC23E79-A33F-47E3-8F24-BBE18EE4FAAE}.Release|x86.Build.0 = Release|Win32
	EndGlobalSection
	GlobalSection(SolutionProperties) = preSolution
		HideSolutionNode = FALSE
	EndGlobalSection
EndGlobal
