
Microsoft Visual Studio Solution File, Format Version 12.00
# Visual Studio 14
VisualStudioVersion = 14.0.25420.1
MinimumVisualStudioVersion = 10.0.40219.1
Project("{8BC9CEB8-8B4A-11D0-8D11-00A0C91BC942}") = "BouncingBall", "BouncingBall\BouncingBall.vcxproj", "{32459943-CDC0-4802-8890-30F3C542C2A5}"
EndProject
Project("{8BC9CEB8-8B4A-11D0-8D11-00A0C91BC942}") = "ExempleSFML2", "ExempleSFML2\ExempleSFML2.vcxproj", "{BA4A1C7B-C1D6-43AD-A546-39AF3D1D0DBC}"
EndProject
Global
	GlobalSection(SolutionConfigurationPlatforms) = preSolution
		Debug|x64 = Debug|x64
		Debug|x86 = Debug|x86
		Release|x64 = Release|x64
		Release|x86 = Release|x86
	EndGlobalSection
	GlobalSection(ProjectConfigurationPlatforms) = postSolution
		{32459943-CDC0-4802-8890-30F3C542C2A5}.Debug|x64.ActiveCfg = Debug|Win32
		{32459943-CDC0-4802-8890-30F3C542C2A5}.Debug|x86.ActiveCfg = Debug|Win32
		{32459943-CDC0-4802-8890-30F3C542C2A5}.Debug|x86.Build.0 = Debug|Win32
		{32459943-CDC0-4802-8890-30F3C542C2A5}.Release|x64.ActiveCfg = Release|Win32
		{32459943-CDC0-4802-8890-30F3C542C2A5}.Release|x86.ActiveCfg = Release|Win32
		{32459943-CDC0-4802-8890-30F3C542C2A5}.Release|x86.Build.0 = Release|Win32
		{BA4A1C7B-C1D6-43AD-A546-39AF3D1D0DBC}.Debug|x64.ActiveCfg = Debug|Win32
		{BA4A1C7B-C1D6-43AD-A546-39AF3D1D0DBC}.Debug|x86.ActiveCfg = Debug|Win32
		{BA4A1C7B-C1D6-43AD-A546-39AF3D1D0DBC}.Debug|x86.Build.0 = Debug|Win32
		{BA4A1C7B-C1D6-43AD-A546-39AF3D1D0DBC}.Release|x64.ActiveCfg = Release|Win32
		{BA4A1C7B-C1D6-43AD-A546-39AF3D1D0DBC}.Release|x86.ActiveCfg = Release|Win32
		{BA4A1C7B-C1D6-43AD-A546-39AF3D1D0DBC}.Release|x86.Build.0 = Release|Win32
	EndGlobalSection
	GlobalSection(SolutionProperties) = preSolution
		HideSolutionNode = FALSE
	EndGlobalSection
EndGlobal
