<?xml version="1.0" encoding="utf-8"?>
<Project ToolsVersion="4.0" xmlns="http://schemas.microsoft.com/developer/msbuild/2003">
  <ItemGroup>
    <Filter Include="Fichiers sources">
      <UniqueIdentifier>{4FC737F1-C7A5-4376-A066-2A32D752A2FF}</UniqueIdentifier>
      <Extensions>cpp;c;cc;cxx;def;odl;idl;hpj;bat;asm;asmx</Extensions>
    </Filter>
    <Filter Include="Fichiers d%27en-tête">
      <UniqueIdentifier>{93995380-89BD-4b04-88EB-625FBE52EBFB}</UniqueIdentifier>
      <Extensions>h;hpp;hxx;hm;inl;inc;xsd</Extensions>
    </Filter>
    <Filter Include="Fichiers de ressources">
      <UniqueIdentifier>{67DA6AB6-F800-4c08-8B7A-83BB121AAD01}</UniqueIdentifier>
      <Extensions>rc;ico;cur;bmp;dlg;rc2;rct;bin;rgs;gif;jpg;jpeg;jpe;resx;tiff;tif;png;wav;mfcribbon-ms</Extensions>
    </Filter>
    <Filter Include="Ressources">
      <UniqueIdentifier>{431d7978-790f-4c70-957e-adac61790c48}</UniqueIdentifier>
    </Filter>
    <Filter Include="Ressources\Sprites">
      <UniqueIdentifier>{98301804-fd0a-496f-a1fb-dc1d7433066f}</UniqueIdentifier>
    </Filter>
    <Filter Include="Ressources\Sons">
      <UniqueIdentifier>{25adf7ed-4984-4b91-bce2-dc98fef79335}</UniqueIdentifier>
    </Filter>
    <Filter Include="Ressources\Polices">
      <UniqueIdentifier>{cdbdfc3b-2cf7-4119-af09-384580584aac}</UniqueIdentifier>
    </Filter>
    <Filter Include="Ressources\Sprites\FreeArt">
      <UniqueIdentifier>{41f31c67-0d3b-45b0-87cf-3f709101e1c2}</UniqueIdentifier>
    </Filter>
    <Filter Include="Ressources\Sprites\ZombiesAndSurvivors">
      <UniqueIdentifier>{e2161581-7036-412f-85c0-46a2b82addd3}</UniqueIdentifier>
    </Filter>
    <Filter Include="Ressources\Sprites\Projectiles">
      <UniqueIdentifier>{5a97e751-04a6-448f-96ac-ad3bff16c956}</UniqueIdentifier>
    </Filter>
    <Filter Include="Ressources\Sprites\Logos">
      <UniqueIdentifier>{5cdbe3f2-9ca0-490f-a995-3d042b8ce4e1}</UniqueIdentifier>
    </Filter>
  </ItemGroup>
  <ItemGroup>
    <ClCompile Include="Main.cpp">
      <Filter>Fichiers sources</Filter>
    </ClCompile>
    <ClCompile Include="Game.cpp">
      <Filter>Fichiers sources</Filter>
    </ClCompile>
    <ClCompile Include="CollisionSphere.cpp">
      <Filter>Fichiers sources</Filter>
    </ClCompile>
    <ClCompile Include="Player.cpp">
      <Filter>Fichiers sources</Filter>
    </ClCompile>
    <ClCompile Include="Character.cpp">
      <Filter>Fichiers sources</Filter>
    </ClCompile>
    <ClCompile Include="Movable.cpp">
      <Filter>Fichiers sources</Filter>
    </ClCompile>
    <ClCompile Include="Projectile.cpp">
      <Filter>Fichiers sources</Filter>
    </ClCompile>
    <ClCompile Include="Zombie.cpp">
      <Filter>Fichiers sources</Filter>
    </ClCompile>
  </ItemGroup>
  <ItemGroup>
    <ClInclude Include="Game.h">
      <Filter>Fichiers d%27en-tête</Filter>
    </ClInclude>
    <ClInclude Include="CollisionSphere.h">
      <Filter>Fichiers d%27en-tête</Filter>
    </ClInclude>
    <ClInclude Include="Player.h">
      <Filter>Fichiers d%27en-tête</Filter>
    </ClInclude>
    <ClInclude Include="Character.h">
      <Filter>Fichiers d%27en-tête</Filter>
    </ClInclude>
    <ClInclude Include="Movable.h">
      <Filter>Fichiers d%27en-tête</Filter>
    </ClInclude>
    <ClInclude Include="Projectile.h">
      <Filter>Fichiers d%27en-tête</Filter>
    </ClInclude>
    <ClInclude Include="Zombie.h">
      <Filter>Fichiers d%27en-tête</Filter>
    </ClInclude>
  </ItemGroup>
  <ItemGroup>
    <Font Include="Polices\segoepr.ttf">
      <Filter>Ressources\Polices</Filter>
    </Font>
  </ItemGroup>
  <ItemGroup>
    <None Include="Sons\i_maed_a_gam3_w1th_z0mb1es_full_song.ogg">
      <Filter>Ressources\Sons</Filter>
    </None>
  </ItemGroup>
  <ItemGroup>
    <Image Include="Sprites\Terrain.jpg">
      <Filter>Ressources\Sprites</Filter>
    </Image>
    <Image Include="Sprites\FreeArt\Zombie1.png">
      <Filter>Ressources\Sprites\FreeArt</Filter>
    </Image>
    <Image Include="Sprites\FreeArt\Zombie2.png">
      <Filter>Ressources\Sprites\FreeArt</Filter>
    </Image>
    <Image Include="Sprites\FreeArt\Zombie3.png">
      <Filter>Ressources\Sprites\FreeArt</Filter>
    </Image>
    <Image Include="Sprites\FreeArt\Joueur.png">
      <Filter>Ressources\Sprites\FreeArt</Filter>
    </Image>
    <Image Include="Sprites\ZombiesAndSurvivors\Zombie1.png">
      <Filter>Ressources\Sprites\ZombiesAndSurvivors</Filter>
    </Image>
    <Image Include="Sprites\ZombiesAndSurvivors\Zombie2.png">
      <Filter>Ressources\Sprites\ZombiesAndSurvivors</Filter>
    </Image>
    <Image Include="Sprites\ZombiesAndSurvivors\Zombie3.png">
      <Filter>Ressources\Sprites\ZombiesAndSurvivors</Filter>
    </Image>
    <Image Include="Sprites\ZombiesAndSurvivors\Zombie4.png">
      <Filter>Ressources\Sprites\ZombiesAndSurvivors</Filter>
    </Image>
    <Image Include="Sprites\ZombiesAndSurvivors\Survivor1.png">
      <Filter>Ressources\Sprites\ZombiesAndSurvivors</Filter>
    </Image>
    <Image Include="Sprites\ZombiesAndSurvivors\Survivor2.png">
      <Filter>Ressources\Sprites\ZombiesAndSurvivors</Filter>
    </Image>
    <Image Include="Sprites\ZombiesAndSurvivors\Survivor3.png">
      <Filter>Ressources\Sprites\ZombiesAndSurvivors</Filter>
    </Image>
    <Image Include="Sprites\ZombiesAndSurvivors\Survivor4.png">
      <Filter>Ressources\Sprites\ZombiesAndSurvivors</Filter>
    </Image>
    <Image Include="Sprites\Projectiles\Bullet.png">
      <Filter>Ressources\Sprites\Projectiles</Filter>
    </Image>
    <Image Include="Sprites\Projectiles\Flame.png">
      <Filter>Ressources\Sprites\Projectiles</Filter>
    </Image>
    <Image Include="Sprites\Projectiles\Missile.png">
      <Filter>Ressources\Sprites\Projectiles</Filter>
    </Image>
    <Image Include="Sprites\Projectiles\Scatter.png">
      <Filter>Ressources\Sprites\Projectiles</Filter>
    </Image>
    <Image Include="Sprites\Logos\FlameLogo.png">
      <Filter>Ressources\Sprites\Logos</Filter>
    </Image>
    <Image Include="Sprites\Logos\MissileLogo.png">
      <Filter>Ressources\Sprites\Logos</Filter>
    </Image>
    <Image Include="Sprites\Logos\ScatterLogo.png">
      <Filter>Ressources\Sprites\Logos</Filter>
    </Image>
  </ItemGroup>
</Project>